
Microsoft Visual Studio Solution File, Format Version 12.00
# Visual Studio Version 17
VisualStudioVersion = 17.4.33103.184
MinimumVisualStudioVersion = 10.0.40219.1
Project("{FAE04EC0-301F-11D3-BF4B-00C04F79EFBC}") = "OT1_R4", "OT1_R4\OT1_R4.csproj", "{E636EB37-06B7-4820-8599-07E89D94A50D}"
EndProject
Global
	GlobalSection(SolutionConfigurationPlatforms) = preSolution
		Debug|Any CPU = Debug|Any CPU
		Release|Any CPU = Release|Any CPU
	EndGlobalSection
	GlobalSection(ProjectConfigurationPlatforms) = postSolution
		{E636EB37-06B7-4820-8599-07E89D94A50D}.Debug|Any CPU.ActiveCfg = Debug|Any CPU
		{E636EB37-06B7-4820-8599-07E89D94A50D}.Debug|Any CPU.Build.0 = Debug|Any CPU
		{E636EB37-06B7-4820-8599-07E89D94A50D}.Release|Any CPU.ActiveCfg = Release|Any CPU
		{E636EB37-06B7-4820-8599-07E89D94A50D}.Release|Any CPU.Build.0 = Release|Any CPU
	EndGlobalSection
	GlobalSection(SolutionProperties) = preSolution
		HideSolutionNode = FALSE
	EndGlobalSection
	GlobalSection(ExtensibilityGlobals) = postSolution
		SolutionGuid = {A3FE93B7-0D30-4B8C-9A80-CD42A8B82420}
	EndGlobalSection
EndGlobal
